
Microsoft Visual Studio Solution File, Format Version 12.00
# Visual Studio Version 17
VisualStudioVersion = 17.0.31903.59
MinimumVisualStudioVersion = 10.0.40219.1
Project("{FAE04EC0-301F-11D3-BF4B-00C04F79EFBC}") = "Tools", "Tools\Tools.csproj", "{BE6A0CE6-B701-43AC-AA23-CBC47DA73FD0}"
EndProject
Project("{FAE04EC0-301F-11D3-BF4B-00C04F79EFBC}") = "BaseApi", "BaseApi\BaseApi.csproj", "{51E4BC4B-D516-4715-B7A0-2145F21604B3}"
EndProject
Project("{FAE04EC0-301F-11D3-BF4B-00C04F79EFBC}") = "BaseApi.Tests", "BaseApi.Tests\BaseApi.Tests.csproj", "{A5F8C275-2D9A-4BC3-8CBB-07BC0D37888D}"
EndProject
Project("{FAE04EC0-301F-11D3-BF4B-00C04F79EFBC}") = "Identity", "Identity\Identity.csproj", "{20DE8878-4139-4AD8-A2EA-1B3B440FE8FF}"
EndProject
Project("{FAE04EC0-301F-11D3-BF4B-00C04F79EFBC}") = "Identity.Tests", "Identity.Tests\Identity.Tests.csproj", "{503E0719-1D0E-4BF8-81AE-9E08DF4CED25}"
EndProject
Project("{FAE04EC0-301F-11D3-BF4B-00C04F79EFBC}") = "Identity.IntegrationTests", "Identity.IntegrationTests\Identity.IntegrationTests.csproj", "{329102CD-8CC0-4ACF-BAB4-E7F4A08C911B}"
EndProject
Project("{FAE04EC0-301F-11D3-BF4B-00C04F79EFBC}") = "Mock", "Mock\Mock.csproj", "{4CBDFCE2-4966-4C5E-82C1-9A7AD44642E7}"
EndProject
Global
	GlobalSection(SolutionConfigurationPlatforms) = preSolution
		Debug|Any CPU = Debug|Any CPU
		Release|Any CPU = Release|Any CPU
	EndGlobalSection
	GlobalSection(SolutionProperties) = preSolution
		HideSolutionNode = FALSE
	EndGlobalSection
	GlobalSection(ProjectConfigurationPlatforms) = postSolution
		{BE6A0CE6-B701-43AC-AA23-CBC47DA73FD0}.Debug|Any CPU.ActiveCfg = Debug|Any CPU
		{BE6A0CE6-B701-43AC-AA23-CBC47DA73FD0}.Debug|Any CPU.Build.0 = Debug|Any CPU
		{BE6A0CE6-B701-43AC-AA23-CBC47DA73FD0}.Release|Any CPU.ActiveCfg = Release|Any CPU
		{BE6A0CE6-B701-43AC-AA23-CBC47DA73FD0}.Release|Any CPU.Build.0 = Release|Any CPU
		{51E4BC4B-D516-4715-B7A0-2145F21604B3}.Debug|Any CPU.ActiveCfg = Debug|Any CPU
		{51E4BC4B-D516-4715-B7A0-2145F21604B3}.Debug|Any CPU.Build.0 = Debug|Any CPU
		{51E4BC4B-D516-4715-B7A0-2145F21604B3}.Release|Any CPU.ActiveCfg = Release|Any CPU
		{51E4BC4B-D516-4715-B7A0-2145F21604B3}.Release|Any CPU.Build.0 = Release|Any CPU
		{A5F8C275-2D9A-4BC3-8CBB-07BC0D37888D}.Debug|Any CPU.ActiveCfg = Debug|Any CPU
		{A5F8C275-2D9A-4BC3-8CBB-07BC0D37888D}.Debug|Any CPU.Build.0 = Debug|Any CPU
		{A5F8C275-2D9A-4BC3-8CBB-07BC0D37888D}.Release|Any CPU.ActiveCfg = Release|Any CPU
		{A5F8C275-2D9A-4BC3-8CBB-07BC0D37888D}.Release|Any CPU.Build.0 = Release|Any CPU
		{20DE8878-4139-4AD8-A2EA-1B3B440FE8FF}.Debug|Any CPU.ActiveCfg = Debug|Any CPU
		{20DE8878-4139-4AD8-A2EA-1B3B440FE8FF}.Debug|Any CPU.Build.0 = Debug|Any CPU
		{20DE8878-4139-4AD8-A2EA-1B3B440FE8FF}.Release|Any CPU.ActiveCfg = Release|Any CPU
		{20DE8878-4139-4AD8-A2EA-1B3B440FE8FF}.Release|Any CPU.Build.0 = Release|Any CPU
		{503E0719-1D0E-4BF8-81AE-9E08DF4CED25}.Debug|Any CPU.ActiveCfg = Debug|Any CPU
		{503E0719-1D0E-4BF8-81AE-9E08DF4CED25}.Debug|Any CPU.Build.0 = Debug|Any CPU
		{503E0719-1D0E-4BF8-81AE-9E08DF4CED25}.Release|Any CPU.ActiveCfg = Release|Any CPU
		{503E0719-1D0E-4BF8-81AE-9E08DF4CED25}.Release|Any CPU.Build.0 = Release|Any CPU
		{329102CD-8CC0-4ACF-BAB4-E7F4A08C911B}.Debug|Any CPU.ActiveCfg = Debug|Any CPU
		{329102CD-8CC0-4ACF-BAB4-E7F4A08C911B}.Debug|Any CPU.Build.0 = Debug|Any CPU
		{329102CD-8CC0-4ACF-BAB4-E7F4A08C911B}.Release|Any CPU.ActiveCfg = Release|Any CPU
		{329102CD-8CC0-4ACF-BAB4-E7F4A08C911B}.Release|Any CPU.Build.0 = Release|Any CPU
		{4CBDFCE2-4966-4C5E-82C1-9A7AD44642E7}.Debug|Any CPU.ActiveCfg = Debug|Any CPU
		{4CBDFCE2-4966-4C5E-82C1-9A7AD44642E7}.Debug|Any CPU.Build.0 = Debug|Any CPU
		{4CBDFCE2-4966-4C5E-82C1-9A7AD44642E7}.Release|Any CPU.ActiveCfg = Release|Any CPU
		{4CBDFCE2-4966-4C5E-82C1-9A7AD44642E7}.Release|Any CPU.Build.0 = Release|Any CPU
	EndGlobalSection
EndGlobal
